
Microsoft Visual Studio Solution File, Format Version 12.00
# Visual Studio Version 17
VisualStudioVersion = 17.9.34607.119
MinimumVisualStudioVersion = 10.0.40219.1
Project("{9A19103F-16F7-4668-BE54-9A1E7A4F7556}") = "WEB_253505_Shishov", "WEB_253505_Shishov\WEB_253505_Shishov.csproj", "{57829520-8195-4A0C-8E85-2B87C036B5DC}"
EndProject
Project("{9A19103F-16F7-4668-BE54-9A1E7A4F7556}") = "WEB_253505_Shishov.Domain", "WEB_253505_Shishov.Domain\WEB_253505_Shishov.Domain.csproj", "{71F58F9E-169E-4748-9810-ADA94D9DE786}"
EndProject
Project("{9A19103F-16F7-4668-BE54-9A1E7A4F7556}") = "WEB_253505_Shishov.API", "WEB_253505_Shishov.API\WEB_253505_Shishov.API.csproj", "{E3AA5B59-DE7F-44F9-9928-319A155DC679}"
EndProject
Project("{9A19103F-16F7-4668-BE54-9A1E7A4F7556}") = "WEB_253505_Shishov.Tests", "WEB_253505_Shishov.Tests\WEB_253505_Shishov.Tests.csproj", "{13CAF72E-13B5-4DAB-8648-04B86B50461A}"
EndProject
Project("{9A19103F-16F7-4668-BE54-9A1E7A4F7556}") = "WEB_253505_Shishov.Blazor.SSR", "WEB_253505_Shishov.Blazor.SSR\WEB_253505_Shishov.Blazor.SSR.csproj", "{61D194DD-6E0F-4A1F-84B5-E1030F3A1C1C}"
EndProject
Project("{9A19103F-16F7-4668-BE54-9A1E7A4F7556}") = "WEB_253505_Shishov.BlazoeWasm", "WEB_253505_Shishov.BlazoeWasm\WEB_253505_Shishov.BlazoeWasm.csproj", "{2034C02F-5247-4B47-8E2F-4C14AEC36B0A}"
EndProject
Global
	GlobalSection(SolutionConfigurationPlatforms) = preSolution
		Debug|Any CPU = Debug|Any CPU
		Release|Any CPU = Release|Any CPU
	EndGlobalSection
	GlobalSection(ProjectConfigurationPlatforms) = postSolution
		{57829520-8195-4A0C-8E85-2B87C036B5DC}.Debug|Any CPU.ActiveCfg = Debug|Any CPU
		{57829520-8195-4A0C-8E85-2B87C036B5DC}.Debug|Any CPU.Build.0 = Debug|Any CPU
		{57829520-8195-4A0C-8E85-2B87C036B5DC}.Release|Any CPU.ActiveCfg = Release|Any CPU
		{57829520-8195-4A0C-8E85-2B87C036B5DC}.Release|Any CPU.Build.0 = Release|Any CPU
		{71F58F9E-169E-4748-9810-ADA94D9DE786}.Debug|Any CPU.ActiveCfg = Debug|Any CPU
		{71F58F9E-169E-4748-9810-ADA94D9DE786}.Debug|Any CPU.Build.0 = Debug|Any CPU
		{71F58F9E-169E-4748-9810-ADA94D9DE786}.Release|Any CPU.ActiveCfg = Release|Any CPU
		{71F58F9E-169E-4748-9810-ADA94D9DE786}.Release|Any CPU.Build.0 = Release|Any CPU
		{E3AA5B59-DE7F-44F9-9928-319A155DC679}.Debug|Any CPU.ActiveCfg = Debug|Any CPU
		{E3AA5B59-DE7F-44F9-9928-319A155DC679}.Debug|Any CPU.Build.0 = Debug|Any CPU
		{E3AA5B59-DE7F-44F9-9928-319A155DC679}.Release|Any CPU.ActiveCfg = Release|Any CPU
		{E3AA5B59-DE7F-44F9-9928-319A155DC679}.Release|Any CPU.Build.0 = Release|Any CPU
		{13CAF72E-13B5-4DAB-8648-04B86B50461A}.Debug|Any CPU.ActiveCfg = Debug|Any CPU
		{13CAF72E-13B5-4DAB-8648-04B86B50461A}.Debug|Any CPU.Build.0 = Debug|Any CPU
		{13CAF72E-13B5-4DAB-8648-04B86B50461A}.Release|Any CPU.ActiveCfg = Release|Any CPU
		{13CAF72E-13B5-4DAB-8648-04B86B50461A}.Release|Any CPU.Build.0 = Release|Any CPU
		{61D194DD-6E0F-4A1F-84B5-E1030F3A1C1C}.Debug|Any CPU.ActiveCfg = Debug|Any CPU
		{61D194DD-6E0F-4A1F-84B5-E1030F3A1C1C}.Debug|Any CPU.Build.0 = Debug|Any CPU
		{61D194DD-6E0F-4A1F-84B5-E1030F3A1C1C}.Release|Any CPU.ActiveCfg = Release|Any CPU
		{61D194DD-6E0F-4A1F-84B5-E1030F3A1C1C}.Release|Any CPU.Build.0 = Release|Any CPU
		{2034C02F-5247-4B47-8E2F-4C14AEC36B0A}.Debug|Any CPU.ActiveCfg = Debug|Any CPU
		{2034C02F-5247-4B47-8E2F-4C14AEC36B0A}.Debug|Any CPU.Build.0 = Debug|Any CPU
		{2034C02F-5247-4B47-8E2F-4C14AEC36B0A}.Release|Any CPU.ActiveCfg = Release|Any CPU
		{2034C02F-5247-4B47-8E2F-4C14AEC36B0A}.Release|Any CPU.Build.0 = Release|Any CPU
	EndGlobalSection
	GlobalSection(SolutionProperties) = preSolution
		HideSolutionNode = FALSE
	EndGlobalSection
	GlobalSection(ExtensibilityGlobals) = postSolution
		SolutionGuid = {D866F2E8-4596-4B39-8C80-70BF37521B71}
	EndGlobalSection
EndGlobal
